
Microsoft Visual Studio Solution File, Format Version 12.00
# Visual Studio Version 17
VisualStudioVersion = 17.4.33213.308
MinimumVisualStudioVersion = 10.0.40219.1
Project("{FAE04EC0-301F-11D3-BF4B-00C04F79EFBC}") = "Delegater01", "Delegater01\Delegater01.csproj", "{49751F7E-7208-46C2-9BD9-B955A34051AE}"
EndProject
Project("{FAE04EC0-301F-11D3-BF4B-00C04F79EFBC}") = "Delegater02", "Delegater02\Delegater02.csproj", "{78D16FCF-3F57-4C90-AB27-AF06C7CE63D7}"
EndProject
Project("{FAE04EC0-301F-11D3-BF4B-00C04F79EFBC}") = "Delegater03", "Delegater03\Delegater03.csproj", "{68BFA6D4-571E-444F-BF1F-7A3CB55378DA}"
EndProject
Project("{FAE04EC0-301F-11D3-BF4B-00C04F79EFBC}") = "Delegater04", "Delegater04\Delegater04.csproj", "{54DDE588-453C-4AA4-8BFF-9279F540AF29}"
EndProject
Global
	GlobalSection(SolutionConfigurationPlatforms) = preSolution
		Debug|Any CPU = Debug|Any CPU
		Release|Any CPU = Release|Any CPU
	EndGlobalSection
	GlobalSection(ProjectConfigurationPlatforms) = postSolution
		{49751F7E-7208-46C2-9BD9-B955A34051AE}.Debug|Any CPU.ActiveCfg = Debug|Any CPU
		{49751F7E-7208-46C2-9BD9-B955A34051AE}.Debug|Any CPU.Build.0 = Debug|Any CPU
		{49751F7E-7208-46C2-9BD9-B955A34051AE}.Release|Any CPU.ActiveCfg = Release|Any CPU
		{49751F7E-7208-46C2-9BD9-B955A34051AE}.Release|Any CPU.Build.0 = Release|Any CPU
		{78D16FCF-3F57-4C90-AB27-AF06C7CE63D7}.Debug|Any CPU.ActiveCfg = Debug|Any CPU
		{78D16FCF-3F57-4C90-AB27-AF06C7CE63D7}.Debug|Any CPU.Build.0 = Debug|Any CPU
		{78D16FCF-3F57-4C90-AB27-AF06C7CE63D7}.Release|Any CPU.ActiveCfg = Release|Any CPU
		{78D16FCF-3F57-4C90-AB27-AF06C7CE63D7}.Release|Any CPU.Build.0 = Release|Any CPU
		{68BFA6D4-571E-444F-BF1F-7A3CB55378DA}.Debug|Any CPU.ActiveCfg = Debug|Any CPU
		{68BFA6D4-571E-444F-BF1F-7A3CB55378DA}.Debug|Any CPU.Build.0 = Debug|Any CPU
		{68BFA6D4-571E-444F-BF1F-7A3CB55378DA}.Release|Any CPU.ActiveCfg = Release|Any CPU
		{68BFA6D4-571E-444F-BF1F-7A3CB55378DA}.Release|Any CPU.Build.0 = Release|Any CPU
		{54DDE588-453C-4AA4-8BFF-9279F540AF29}.Debug|Any CPU.ActiveCfg = Debug|Any CPU
		{54DDE588-453C-4AA4-8BFF-9279F540AF29}.Debug|Any CPU.Build.0 = Debug|Any CPU
		{54DDE588-453C-4AA4-8BFF-9279F540AF29}.Release|Any CPU.ActiveCfg = Release|Any CPU
		{54DDE588-453C-4AA4-8BFF-9279F540AF29}.Release|Any CPU.Build.0 = Release|Any CPU
	EndGlobalSection
	GlobalSection(SolutionProperties) = preSolution
		HideSolutionNode = FALSE
	EndGlobalSection
	GlobalSection(ExtensibilityGlobals) = postSolution
		SolutionGuid = {30300088-09BE-4DA1-B013-3537E333AF1B}
	EndGlobalSection
EndGlobal
