
Microsoft Visual Studio Solution File, Format Version 12.00
# Visual Studio Version 17
VisualStudioVersion = 17.4.33213.308
MinimumVisualStudioVersion = 10.0.40219.1
Project("{FAE04EC0-301F-11D3-BF4B-00C04F79EFBC}") = "GenericDemo", "GenericDemo\GenericDemo.csproj", "{D36F4132-A5F5-4BF0-90DB-67FCBC0BFECB}"
EndProject
Global
	GlobalSection(SolutionConfigurationPlatforms) = preSolution
		Debug|Any CPU = Debug|Any CPU
		Release|Any CPU = Release|Any CPU
	EndGlobalSection
	GlobalSection(ProjectConfigurationPlatforms) = postSolution
		{D36F4132-A5F5-4BF0-90DB-67FCBC0BFECB}.Debug|Any CPU.ActiveCfg = Debug|Any CPU
		{D36F4132-A5F5-4BF0-90DB-67FCBC0BFECB}.Debug|Any CPU.Build.0 = Debug|Any CPU
		{D36F4132-A5F5-4BF0-90DB-67FCBC0BFECB}.Release|Any CPU.ActiveCfg = Release|Any CPU
		{D36F4132-A5F5-4BF0-90DB-67FCBC0BFECB}.Release|Any CPU.Build.0 = Release|Any CPU
	EndGlobalSection
	GlobalSection(SolutionProperties) = preSolution
		HideSolutionNode = FALSE
	EndGlobalSection
	GlobalSection(ExtensibilityGlobals) = postSolution
		SolutionGuid = {4DDDAFC0-6673-42BC-981C-042DDB942600}
	EndGlobalSection
EndGlobal
