
Microsoft Visual Studio Solution File, Format Version 12.00
# Visual Studio Version 17
VisualStudioVersion = 17.4.33213.308
MinimumVisualStudioVersion = 10.0.40219.1
Project("{FAE04EC0-301F-11D3-BF4B-00C04F79EFBC}") = "ListOfTDemo", "ListOfTDemo\ListOfTDemo.csproj", "{8C6286C2-E112-4E2A-B317-ED9AF593B434}"
EndProject
Global
	GlobalSection(SolutionConfigurationPlatforms) = preSolution
		Debug|Any CPU = Debug|Any CPU
		Release|Any CPU = Release|Any CPU
	EndGlobalSection
	GlobalSection(ProjectConfigurationPlatforms) = postSolution
		{8C6286C2-E112-4E2A-B317-ED9AF593B434}.Debug|Any CPU.ActiveCfg = Debug|Any CPU
		{8C6286C2-E112-4E2A-B317-ED9AF593B434}.Debug|Any CPU.Build.0 = Debug|Any CPU
		{8C6286C2-E112-4E2A-B317-ED9AF593B434}.Release|Any CPU.ActiveCfg = Release|Any CPU
		{8C6286C2-E112-4E2A-B317-ED9AF593B434}.Release|Any CPU.Build.0 = Release|Any CPU
	EndGlobalSection
	GlobalSection(SolutionProperties) = preSolution
		HideSolutionNode = FALSE
	EndGlobalSection
	GlobalSection(ExtensibilityGlobals) = postSolution
		SolutionGuid = {90DF875E-9F20-49AC-85B1-ADCC2FC9D43A}
	EndGlobalSection
EndGlobal
