
Microsoft Visual Studio Solution File, Format Version 12.00
# Visual Studio Version 17
VisualStudioVersion = 17.4.33213.308
MinimumVisualStudioVersion = 10.0.40219.1
Project("{FAE04EC0-301F-11D3-BF4B-00C04F79EFBC}") = "Function greeting and farewell", "Function greeting and farewell\Function greeting and farewell.csproj", "{2F9ECA33-7E78-4CB7-B9D3-D9A6707045A2}"
EndProject
Global
	GlobalSection(SolutionConfigurationPlatforms) = preSolution
		Debug|Any CPU = Debug|Any CPU
		Release|Any CPU = Release|Any CPU
	EndGlobalSection
	GlobalSection(ProjectConfigurationPlatforms) = postSolution
		{2F9ECA33-7E78-4CB7-B9D3-D9A6707045A2}.Debug|Any CPU.ActiveCfg = Debug|Any CPU
		{2F9ECA33-7E78-4CB7-B9D3-D9A6707045A2}.Debug|Any CPU.Build.0 = Debug|Any CPU
		{2F9ECA33-7E78-4CB7-B9D3-D9A6707045A2}.Release|Any CPU.ActiveCfg = Release|Any CPU
		{2F9ECA33-7E78-4CB7-B9D3-D9A6707045A2}.Release|Any CPU.Build.0 = Release|Any CPU
	EndGlobalSection
	GlobalSection(SolutionProperties) = preSolution
		HideSolutionNode = FALSE
	EndGlobalSection
	GlobalSection(ExtensibilityGlobals) = postSolution
		SolutionGuid = {E2C3C93B-DF31-40EE-985B-5F5D5EACE3D5}
	EndGlobalSection
EndGlobal
