
Microsoft Visual Studio Solution File, Format Version 12.00
# Visual Studio Version 17
VisualStudioVersion = 17.4.33110.190
MinimumVisualStudioVersion = 10.0.40219.1
Project("{FAE04EC0-301F-11D3-BF4B-00C04F79EFBC}") = "Lektion2", "Lektion2\Lektion2.csproj", "{B991B9DE-5A02-4397-923A-74B4BB3058DC}"
EndProject
Global
	GlobalSection(SolutionConfigurationPlatforms) = preSolution
		Debug|Any CPU = Debug|Any CPU
		Release|Any CPU = Release|Any CPU
	EndGlobalSection
	GlobalSection(ProjectConfigurationPlatforms) = postSolution
		{B991B9DE-5A02-4397-923A-74B4BB3058DC}.Debug|Any CPU.ActiveCfg = Debug|Any CPU
		{B991B9DE-5A02-4397-923A-74B4BB3058DC}.Debug|Any CPU.Build.0 = Debug|Any CPU
		{B991B9DE-5A02-4397-923A-74B4BB3058DC}.Release|Any CPU.ActiveCfg = Release|Any CPU
		{B991B9DE-5A02-4397-923A-74B4BB3058DC}.Release|Any CPU.Build.0 = Release|Any CPU
	EndGlobalSection
	GlobalSection(SolutionProperties) = preSolution
		HideSolutionNode = FALSE
	EndGlobalSection
	GlobalSection(ExtensibilityGlobals) = postSolution
		SolutionGuid = {02E52434-AA70-43D7-BA2A-3C37730172DA}
	EndGlobalSection
EndGlobal
