
Microsoft Visual Studio Solution File, Format Version 12.00
# Visual Studio Version 17
VisualStudioVersion = 17.4.33213.308
MinimumVisualStudioVersion = 10.0.40219.1
Project("{FAE04EC0-301F-11D3-BF4B-00C04F79EFBC}") = "TwoDimensionalArrayDemo", "TwoDimensionalArrayDemo\TwoDimensionalArrayDemo.csproj", "{16538777-1B5F-491B-9972-1DA669FF5933}"
EndProject
Global
	GlobalSection(SolutionConfigurationPlatforms) = preSolution
		Debug|Any CPU = Debug|Any CPU
		Release|Any CPU = Release|Any CPU
	EndGlobalSection
	GlobalSection(ProjectConfigurationPlatforms) = postSolution
		{16538777-1B5F-491B-9972-1DA669FF5933}.Debug|Any CPU.ActiveCfg = Debug|Any CPU
		{16538777-1B5F-491B-9972-1DA669FF5933}.Debug|Any CPU.Build.0 = Debug|Any CPU
		{16538777-1B5F-491B-9972-1DA669FF5933}.Release|Any CPU.ActiveCfg = Release|Any CPU
		{16538777-1B5F-491B-9972-1DA669FF5933}.Release|Any CPU.Build.0 = Release|Any CPU
	EndGlobalSection
	GlobalSection(SolutionProperties) = preSolution
		HideSolutionNode = FALSE
	EndGlobalSection
	GlobalSection(ExtensibilityGlobals) = postSolution
		SolutionGuid = {F6512E82-04AA-476D-9C8D-F41B3A056129}
	EndGlobalSection
EndGlobal
