
Microsoft Visual Studio Solution File, Format Version 12.00
# Visual Studio Version 17
VisualStudioVersion = 17.4.33213.308
MinimumVisualStudioVersion = 10.0.40219.1
Project("{FAE04EC0-301F-11D3-BF4B-00C04F79EFBC}") = "Boolsk Algebra", "Boolsk Algebra\Boolsk Algebra.csproj", "{AF41A03F-80A4-437E-8DF2-FB8C794E9255}"
EndProject
Global
	GlobalSection(SolutionConfigurationPlatforms) = preSolution
		Debug|Any CPU = Debug|Any CPU
		Release|Any CPU = Release|Any CPU
	EndGlobalSection
	GlobalSection(ProjectConfigurationPlatforms) = postSolution
		{AF41A03F-80A4-437E-8DF2-FB8C794E9255}.Debug|Any CPU.ActiveCfg = Debug|Any CPU
		{AF41A03F-80A4-437E-8DF2-FB8C794E9255}.Debug|Any CPU.Build.0 = Debug|Any CPU
		{AF41A03F-80A4-437E-8DF2-FB8C794E9255}.Release|Any CPU.ActiveCfg = Release|Any CPU
		{AF41A03F-80A4-437E-8DF2-FB8C794E9255}.Release|Any CPU.Build.0 = Release|Any CPU
	EndGlobalSection
	GlobalSection(SolutionProperties) = preSolution
		HideSolutionNode = FALSE
	EndGlobalSection
	GlobalSection(ExtensibilityGlobals) = postSolution
		SolutionGuid = {C3393175-05AF-4EEB-B8C5-C9E63F515CF1}
	EndGlobalSection
EndGlobal
