
Microsoft Visual Studio Solution File, Format Version 12.00
# Visual Studio Version 17
VisualStudioVersion = 17.4.33213.308
MinimumVisualStudioVersion = 10.0.40219.1
Project("{FAE04EC0-301F-11D3-BF4B-00C04F79EFBC}") = "SolidCode", "SolidCode\SolidCode.csproj", "{B43B1E81-C0C6-4D85-A825-7C227C6AA02E}"
EndProject
Project("{FAE04EC0-301F-11D3-BF4B-00C04F79EFBC}") = "xUnitProject", "xUnitProject\xUnitProject.csproj", "{CE447562-11AF-478F-9FEF-86015C5134AB}"
EndProject
Project("{FAE04EC0-301F-11D3-BF4B-00C04F79EFBC}") = "ClassLibrary1", "ClassLibrary1\ClassLibrary1.csproj", "{163A6750-C7D4-4171-AF4B-B5583C64C23B}"
EndProject
Global
	GlobalSection(SolutionConfigurationPlatforms) = preSolution
		Debug|Any CPU = Debug|Any CPU
		Release|Any CPU = Release|Any CPU
	EndGlobalSection
	GlobalSection(ProjectConfigurationPlatforms) = postSolution
		{B43B1E81-C0C6-4D85-A825-7C227C6AA02E}.Debug|Any CPU.ActiveCfg = Debug|Any CPU
		{B43B1E81-C0C6-4D85-A825-7C227C6AA02E}.Debug|Any CPU.Build.0 = Debug|Any CPU
		{B43B1E81-C0C6-4D85-A825-7C227C6AA02E}.Release|Any CPU.ActiveCfg = Release|Any CPU
		{B43B1E81-C0C6-4D85-A825-7C227C6AA02E}.Release|Any CPU.Build.0 = Release|Any CPU
		{CE447562-11AF-478F-9FEF-86015C5134AB}.Debug|Any CPU.ActiveCfg = Debug|Any CPU
		{CE447562-11AF-478F-9FEF-86015C5134AB}.Debug|Any CPU.Build.0 = Debug|Any CPU
		{CE447562-11AF-478F-9FEF-86015C5134AB}.Release|Any CPU.ActiveCfg = Release|Any CPU
		{CE447562-11AF-478F-9FEF-86015C5134AB}.Release|Any CPU.Build.0 = Release|Any CPU
		{163A6750-C7D4-4171-AF4B-B5583C64C23B}.Debug|Any CPU.ActiveCfg = Debug|Any CPU
		{163A6750-C7D4-4171-AF4B-B5583C64C23B}.Debug|Any CPU.Build.0 = Debug|Any CPU
		{163A6750-C7D4-4171-AF4B-B5583C64C23B}.Release|Any CPU.ActiveCfg = Release|Any CPU
		{163A6750-C7D4-4171-AF4B-B5583C64C23B}.Release|Any CPU.Build.0 = Release|Any CPU
	EndGlobalSection
	GlobalSection(SolutionProperties) = preSolution
		HideSolutionNode = FALSE
	EndGlobalSection
	GlobalSection(ExtensibilityGlobals) = postSolution
		SolutionGuid = {EF0ECADF-4EA1-4A89-B69F-ECA3C2975FDA}
	EndGlobalSection
EndGlobal
