
Microsoft Visual Studio Solution File, Format Version 12.00
# Visual Studio Version 17
VisualStudioVersion = 17.4.33213.308
MinimumVisualStudioVersion = 10.0.40219.1
Project("{FAE04EC0-301F-11D3-BF4B-00C04F79EFBC}") = "Properties Fundamental", "Properties Fundamental\Properties Fundamental.csproj", "{22A14536-53D2-4599-816D-F56A6F639EDD}"
EndProject
Global
	GlobalSection(SolutionConfigurationPlatforms) = preSolution
		Debug|Any CPU = Debug|Any CPU
		Release|Any CPU = Release|Any CPU
	EndGlobalSection
	GlobalSection(ProjectConfigurationPlatforms) = postSolution
		{22A14536-53D2-4599-816D-F56A6F639EDD}.Debug|Any CPU.ActiveCfg = Debug|Any CPU
		{22A14536-53D2-4599-816D-F56A6F639EDD}.Debug|Any CPU.Build.0 = Debug|Any CPU
		{22A14536-53D2-4599-816D-F56A6F639EDD}.Release|Any CPU.ActiveCfg = Release|Any CPU
		{22A14536-53D2-4599-816D-F56A6F639EDD}.Release|Any CPU.Build.0 = Release|Any CPU
	EndGlobalSection
	GlobalSection(SolutionProperties) = preSolution
		HideSolutionNode = FALSE
	EndGlobalSection
	GlobalSection(ExtensibilityGlobals) = postSolution
		SolutionGuid = {A38EA1C9-1C9F-479C-B8CA-8EC8B0BE5AE0}
	EndGlobalSection
EndGlobal
