
Microsoft Visual Studio Solution File, Format Version 12.00
# Visual Studio Version 17
VisualStudioVersion = 17.4.33213.308
MinimumVisualStudioVersion = 10.0.40219.1
Project("{FAE04EC0-301F-11D3-BF4B-00C04F79EFBC}") = "AnimalTrouble", "AnimalTrouble\AnimalTrouble.csproj", "{EC9455F7-EF68-4778-9859-6E2C4FE0C4C4}"
EndProject
Global
	GlobalSection(SolutionConfigurationPlatforms) = preSolution
		Debug|Any CPU = Debug|Any CPU
		Release|Any CPU = Release|Any CPU
	EndGlobalSection
	GlobalSection(ProjectConfigurationPlatforms) = postSolution
		{EC9455F7-EF68-4778-9859-6E2C4FE0C4C4}.Debug|Any CPU.ActiveCfg = Debug|Any CPU
		{EC9455F7-EF68-4778-9859-6E2C4FE0C4C4}.Debug|Any CPU.Build.0 = Debug|Any CPU
		{EC9455F7-EF68-4778-9859-6E2C4FE0C4C4}.Release|Any CPU.ActiveCfg = Release|Any CPU
		{EC9455F7-EF68-4778-9859-6E2C4FE0C4C4}.Release|Any CPU.Build.0 = Release|Any CPU
	EndGlobalSection
	GlobalSection(SolutionProperties) = preSolution
		HideSolutionNode = FALSE
	EndGlobalSection
	GlobalSection(ExtensibilityGlobals) = postSolution
		SolutionGuid = {7C435D64-276C-417E-A8CB-6D5EC148A977}
	EndGlobalSection
EndGlobal
