
Microsoft Visual Studio Solution File, Format Version 12.00
# Visual Studio Version 17
VisualStudioVersion = 17.4.33110.190
MinimumVisualStudioVersion = 10.0.40219.1
Project("{FAE04EC0-301F-11D3-BF4B-00C04F79EFBC}") = "ConditionalStatements", "ConditionalStatements\ConditionalStatements.csproj", "{6B4D2B3F-E8A0-44DD-A118-2837455942A0}"
EndProject
Global
	GlobalSection(SolutionConfigurationPlatforms) = preSolution
		Debug|Any CPU = Debug|Any CPU
		Release|Any CPU = Release|Any CPU
	EndGlobalSection
	GlobalSection(ProjectConfigurationPlatforms) = postSolution
		{6B4D2B3F-E8A0-44DD-A118-2837455942A0}.Debug|Any CPU.ActiveCfg = Debug|Any CPU
		{6B4D2B3F-E8A0-44DD-A118-2837455942A0}.Debug|Any CPU.Build.0 = Debug|Any CPU
		{6B4D2B3F-E8A0-44DD-A118-2837455942A0}.Release|Any CPU.ActiveCfg = Release|Any CPU
		{6B4D2B3F-E8A0-44DD-A118-2837455942A0}.Release|Any CPU.Build.0 = Release|Any CPU
	EndGlobalSection
	GlobalSection(SolutionProperties) = preSolution
		HideSolutionNode = FALSE
	EndGlobalSection
	GlobalSection(ExtensibilityGlobals) = postSolution
		SolutionGuid = {EF7230EB-689C-44F2-8B44-867FED3F1B8E}
	EndGlobalSection
EndGlobal
